
Microsoft Visual Studio Solution File, Format Version 12.00
# Visual Studio 15
Project("{FAE04EC0-301F-11D3-BF4B-00C04F79EFBC}") = "webApiApp", "webApiApp.csproj", "{B06B9331-F2DA-4B41-AB65-710468E25F0B}"
EndProject
Global
	GlobalSection(SolutionConfigurationPlatforms) = preSolution
		Debug|Any CPU = Debug|Any CPU
		Release|Any CPU = Release|Any CPU
	EndGlobalSection
	GlobalSection(ProjectConfigurationPlatforms) = postSolution
		{B06B9331-F2DA-4B41-AB65-710468E25F0B}.Debug|Any CPU.ActiveCfg = Debug|Any CPU
		{B06B9331-F2DA-4B41-AB65-710468E25F0B}.Debug|Any CPU.Build.0 = Debug|Any CPU
		{B06B9331-F2DA-4B41-AB65-710468E25F0B}.Release|Any CPU.ActiveCfg = Release|Any CPU
		{B06B9331-F2DA-4B41-AB65-710468E25F0B}.Release|Any CPU.Build.0 = Release|Any CPU
	EndGlobalSection
EndGlobal
